
Microsoft Visual Studio Solution File, Format Version 12.00
# Visual Studio Version 17
VisualStudioVersion = 17.13.35825.156 d17.13
MinimumVisualStudioVersion = 10.0.40219.1
Project("{FAE04EC0-301F-11D3-BF4B-00C04F79EFBC}") = "SD7501Lab1", "SD7501Lab1\SD7501Lab1.csproj", "{1D12C553-53B1-40E0-B7AB-C66AA54A800F}"
EndProject
Global
	GlobalSection(SolutionConfigurationPlatforms) = preSolution
		Debug|Any CPU = Debug|Any CPU
		Release|Any CPU = Release|Any CPU
	EndGlobalSection
	GlobalSection(ProjectConfigurationPlatforms) = postSolution
		{1D12C553-53B1-40E0-B7AB-C66AA54A800F}.Debug|Any CPU.ActiveCfg = Debug|Any CPU
		{1D12C553-53B1-40E0-B7AB-C66AA54A800F}.Debug|Any CPU.Build.0 = Debug|Any CPU
		{1D12C553-53B1-40E0-B7AB-C66AA54A800F}.Release|Any CPU.ActiveCfg = Release|Any CPU
		{1D12C553-53B1-40E0-B7AB-C66AA54A800F}.Release|Any CPU.Build.0 = Release|Any CPU
	EndGlobalSection
	GlobalSection(SolutionProperties) = preSolution
		HideSolutionNode = FALSE
	EndGlobalSection
	GlobalSection(ExtensibilityGlobals) = postSolution
		SolutionGuid = {93240348-2BB6-4086-9A19-84B35C55DFCA}
	EndGlobalSection
EndGlobal
